// !$*UTF8*$!
{
	archiveVersion = 1;
	classes = {
	};
	objectVersion = 56;
	objects = {

/* Begin PBXBuildFile section */
		68E6D88F2B87F01700CAEC26 /* AppDelegate.swift in Sources */ = {isa = PBXBuildFile; fileRef = 68E6D88E2B87F01700CAEC26 /* AppDelegate.swift */; };
		68E6D8912B87F01700CAEC26 /* SceneDelegate.swift in Sources */ = {isa = PBXBuildFile; fileRef = 68E6D8902B87F01700CAEC26 /* SceneDelegate.swift */; };
		68E6D8932B87F01700CAEC26 /* ViewController.swift in Sources */ = {isa = PBXBuildFile; fileRef = 68E6D8922B87F01700CAEC26 /* ViewController.swift */; };
		68E6D8962B87F01700CAEC26 /* Main.storyboard in Resources */ = {isa = PBXBuildFile; fileRef = 68E6D8942B87F01700CAEC26 /* Main.storyboard */; };
		68E6D8982B87F01A00CAEC26 /* Assets.xcassets in Resources */ = {isa = PBXBuildFile; fileRef = 68E6D8972B87F01A00CAEC26 /* Assets.xcassets */; };
		68E6D89B2B87F01A00CAEC26 /* LaunchScreen.storyboard in Resources */ = {isa = PBXBuildFile; fileRef = 68E6D8992B87F01A00CAEC26 /* LaunchScreen.storyboard */; };
		68E6D8A62B87F01A00CAEC26 /* Code_ChallengeTests.swift in Sources */ = {isa = PBXBuildFile; fileRef = 68E6D8A52B87F01A00CAEC26 /* Code_ChallengeTests.swift */; };
		68E6D8B02B87F01A00CAEC26 /* Code_ChallengeUITests.swift in Sources */ = {isa = PBXBuildFile; fileRef = 68E6D8AF2B87F01A00CAEC26 /* Code_ChallengeUITests.swift */; };
		68E6D8B22B87F01A00CAEC26 /* Code_ChallengeUITestsLaunchTests.swift in Sources */ = {isa = PBXBuildFile; fileRef = 68E6D8B12B87F01A00CAEC26 /* Code_ChallengeUITestsLaunchTests.swift */; };
/* End PBXBuildFile section */

/* Begin PBXContainerItemProxy section */
		68E6D8A22B87F01A00CAEC26 /* PBXContainerItemProxy */ = {
			isa = PBXContainerItemProxy;
			containerPortal = 68E6D8832B87F01700CAEC26 /* Project object */;
			proxyType = 1;
			remoteGlobalIDString = 68E6D88A2B87F01700CAEC26;
			remoteInfo = "Code Challenge";
		};
		68E6D8AC2B87F01A00CAEC26 /* PBXContainerItemProxy */ = {
			isa = PBXContainerItemProxy;
			containerPortal = 68E6D8832B87F01700CAEC26 /* Project object */;
			proxyType = 1;
			remoteGlobalIDString = 68E6D88A2B87F01700CAEC26;
			remoteInfo = "Code Challenge";
		};
/* End PBXContainerItemProxy section */

/* Begin PBXFileReference section */
		68E6D88B2B87F01700CAEC26 /* Code Challenge.app */ = {isa = PBXFileReference; explicitFileType = wrapper.application; includeInIndex = 0; path = "Code Challenge.app"; sourceTree = BUILT_PRODUCTS_DIR; };
		68E6D88E2B87F01700CAEC26 /* AppDelegate.swift */ = {isa = PBXFileReference; lastKnownFileType = sourcecode.swift; path = AppDelegate.swift; sourceTree = "<group>"; };
		68E6D8902B87F01700CAEC26 /* SceneDelegate.swift */ = {isa = PBXFileReference; lastKnownFileType = sourcecode.swift; path = SceneDelegate.swift; sourceTree = "<group>"; };
		68E6D8922B87F01700CAEC26 /* ViewController.swift */ = {isa = PBXFileReference; lastKnownFileType = sourcecode.swift; path = ViewController.swift; sourceTree = "<group>"; };
		68E6D8952B87F01700CAEC26 /* Base */ = {isa = PBXFileReference; lastKnownFileType = file.storyboard; name = Base; path = Base.lproj/Main.storyboard; sourceTree = "<group>"; };
		68E6D8972B87F01A00CAEC26 /* Assets.xcassets */ = {isa = PBXFileReference; lastKnownFileType = folder.assetcatalog; path = Assets.xcassets; sourceTree = "<group>"; };
		68E6D89A2B87F01A00CAEC26 /* Base */ = {isa = PBXFileReference; lastKnownFileType = file.storyboard; name = Base; path = Base.lproj/LaunchScreen.storyboard; sourceTree = "<group>"; };
		68E6D89C2B87F01A00CAEC26 /* Info.plist */ = {isa = PBXFileReference; lastKnownFileType = text.plist.xml; path = Info.plist; sourceTree = "<group>"; };
		68E6D8A12B87F01A00CAEC26 /* Code ChallengeTests.xctest */ = {isa = PBXFileReference; explicitFileType = wrapper.cfbundle; includeInIndex = 0; path = "Code ChallengeTests.xctest"; sourceTree = BUILT_PRODUCTS_DIR; };
		68E6D8A52B87F01A00CAEC26 /* Code_ChallengeTests.swift */ = {isa = PBXFileReference; lastKnownFileType = sourcecode.swift; path = Code_ChallengeTests.swift; sourceTree = "<group>"; };
		68E6D8AB2B87F01A00CAEC26 /* Code ChallengeUITests.xctest */ = {isa = PBXFileReference; explicitFileType = wrapper.cfbundle; includeInIndex = 0; path = "Code ChallengeUITests.xctest"; sourceTree = BUILT_PRODUCTS_DIR; };
		68E6D8AF2B87F01A00CAEC26 /* Code_ChallengeUITests.swift */ = {isa = PBXFileReference; lastKnownFileType = sourcecode.swift; path = Code_ChallengeUITests.swift; sourceTree = "<group>"; };
		68E6D8B12B87F01A00CAEC26 /* Code_ChallengeUITestsLaunchTests.swift */ = {isa = PBXFileReference; lastKnownFileType = sourcecode.swift; path = Code_ChallengeUITestsLaunchTests.swift; sourceTree = "<group>"; };
/* End PBXFileReference section */

/* Begin PBXFrameworksBuildPhase section */
		68E6D8882B87F01700CAEC26 /* Frameworks */ = {
			isa = PBXFrameworksBuildPhase;
			buildActionMask = 2147483647;
			files = (
			);
			runOnlyForDeploymentPostprocessing = 0;
		};
		68E6D89E2B87F01A00CAEC26 /* Frameworks */ = {
			isa = PBXFrameworksBuildPhase;
			buildActionMask = 2147483647;
			files = (
			);
			runOnlyForDeploymentPostprocessing = 0;
		};
		68E6D8A82B87F01A00CAEC26 /* Frameworks */ = {
			isa = PBXFrameworksBuildPhase;
			buildActionMask = 2147483647;
			files = (
			);
			runOnlyForDeploymentPostprocessing = 0;
		};
/* End PBXFrameworksBuildPhase section */

/* Begin PBXGroup section */
		68E6D8822B87F01700CAEC26 = {
			isa = PBXGroup;
			children = (
				68E6D88D2B87F01700CAEC26 /* Code Challenge */,
				68E6D8A42B87F01A00CAEC26 /* Code ChallengeTests */,
				68E6D8AE2B87F01A00CAEC26 /* Code ChallengeUITests */,
				68E6D88C2B87F01700CAEC26 /* Products */,
			);
			sourceTree = "<group>";
		};
		68E6D88C2B87F01700CAEC26 /* Products */ = {
			isa = PBXGroup;
			children = (
				68E6D88B2B87F01700CAEC26 /* Code Challenge.app */,
				68E6D8A12B87F01A00CAEC26 /* Code ChallengeTests.xctest */,
				68E6D8AB2B87F01A00CAEC26 /* Code ChallengeUITests.xctest */,
			);
			name = Products;
			sourceTree = "<group>";
		};
		68E6D88D2B87F01700CAEC26 /* Code Challenge */ = {
			isa = PBXGroup;
			children = (
				68E6D88E2B87F01700CAEC26 /* AppDelegate.swift */,
				68E6D8902B87F01700CAEC26 /* SceneDelegate.swift */,
				68E6D8922B87F01700CAEC26 /* ViewController.swift */,
				68E6D8942B87F01700CAEC26 /* Main.storyboard */,
				68E6D8972B87F01A00CAEC26 /* Assets.xcassets */,
				68E6D8992B87F01A00CAEC26 /* LaunchScreen.storyboard */,
				68E6D89C2B87F01A00CAEC26 /* Info.plist */,
			);
			path = "Code Challenge";
			sourceTree = "<group>";
		};
		68E6D8A42B87F01A00CAEC26 /* Code ChallengeTests */ = {
			isa = PBXGroup;
			children = (
				68E6D8A52B87F01A00CAEC26 /* Code_ChallengeTests.swift */,
			);
			path = "Code ChallengeTests";
			sourceTree = "<group>";
		};
		68E6D8AE2B87F01A00CAEC26 /* Code ChallengeUITests */ = {
			isa = PBXGroup;
			children = (
				68E6D8AF2B87F01A00CAEC26 /* Code_ChallengeUITests.swift */,
				68E6D8B12B87F01A00CAEC26 /* Code_ChallengeUITestsLaunchTests.swift */,
			);
			path = "Code ChallengeUITests";
			sourceTree = "<group>";
		};
/* End PBXGroup section */

/* Begin PBXNativeTarget section */
		68E6D88A2B87F01700CAEC26 /* Code Challenge */ = {
			isa = PBXNativeTarget;
			buildConfigurationList = 68E6D8B52B87F01A00CAEC26 /* Build configuration list for PBXNativeTarget "Code Challenge" */;
			buildPhases = (
				68E6D8872B87F01700CAEC26 /* Sources */,
				68E6D8882B87F01700CAEC26 /* Frameworks */,
				68E6D8892B87F01700CAEC26 /* Resources */,
			);
			buildRules = (
			);
			dependencies = (
			);
			name = "Code Challenge";
			productName = "Code Challenge";
			productReference = 68E6D88B2B87F01700CAEC26 /* Code Challenge.app */;
			productType = "com.apple.product-type.application";
		};
		68E6D8A02B87F01A00CAEC26 /* Code ChallengeTests */ = {
			isa = PBXNativeTarget;
			buildConfigurationList = 68E6D8B82B87F01A00CAEC26 /* Build configuration list for PBXNativeTarget "Code ChallengeTests" */;
			buildPhases = (
				68E6D89D2B87F01A00CAEC26 /* Sources */,
				68E6D89E2B87F01A00CAEC26 /* Frameworks */,
				68E6D89F2B87F01A00CAEC26 /* Resources */,
			);
			buildRules = (
			);
			dependencies = (
				68E6D8A32B87F01A00CAEC26 /* PBXTargetDependency */,
			);
			name = "Code ChallengeTests";
			productName = "Code ChallengeTests";
			productReference = 68E6D8A12B87F01A00CAEC26 /* Code ChallengeTests.xctest */;
			productType = "com.apple.product-type.bundle.unit-test";
		};
		68E6D8AA2B87F01A00CAEC26 /* Code ChallengeUITests */ = {
			isa = PBXNativeTarget;
			buildConfigurationList = 68E6D8BB2B87F01A00CAEC26 /* Build configuration list for PBXNativeTarget "Code ChallengeUITests" */;
			buildPhases = (
				68E6D8A72B87F01A00CAEC26 /* Sources */,
				68E6D8A82B87F01A00CAEC26 /* Frameworks */,
				68E6D8A92B87F01A00CAEC26 /* Resources */,
			);
			buildRules = (
			);
			dependencies = (
				68E6D8AD2B87F01A00CAEC26 /* PBXTargetDependency */,
			);
			name = "Code ChallengeUITests";
			productName = "Code ChallengeUITests";
			productReference = 68E6D8AB2B87F01A00CAEC26 /* Code ChallengeUITests.xctest */;
			productType = "com.apple.product-type.bundle.ui-testing";
		};
/* End PBXNativeTarget section */

/* Begin PBXProject section */
		68E6D8832B87F01700CAEC26 /* Project object */ = {
			isa = PBXProject;
			attributes = {
				BuildIndependentTargetsInParallel = 1;
				LastSwiftUpdateCheck = 1520;
				LastUpgradeCheck = 1520;
				TargetAttributes = {
					68E6D88A2B87F01700CAEC26 = {
						CreatedOnToolsVersion = 15.2;
					};
					68E6D8A02B87F01A00CAEC26 = {
						CreatedOnToolsVersion = 15.2;
						TestTargetID = 68E6D88A2B87F01700CAEC26;
					};
					68E6D8AA2B87F01A00CAEC26 = {
						CreatedOnToolsVersion = 15.2;
						TestTargetID = 68E6D88A2B87F01700CAEC26;
					};
				};
			};
			buildConfigurationList = 68E6D8862B87F01700CAEC26 /* Build configuration list for PBXProject "Code Challenge" */;
			compatibilityVersion = "Xcode 14.0";
			developmentRegion = en;
			hasScannedForEncodings = 0;
			knownRegions = (
				en,
				Base,
			);
			mainGroup = 68E6D8822B87F01700CAEC26;
			productRefGroup = 68E6D88C2B87F01700CAEC26 /* Products */;
			projectDirPath = "";
			projectRoot = "";
			targets = (
				68E6D88A2B87F01700CAEC26 /* Code Challenge */,
				68E6D8A02B87F01A00CAEC26 /* Code ChallengeTests */,
				68E6D8AA2B87F01A00CAEC26 /* Code ChallengeUITests */,
			);
		};
/* End PBXProject section */

/* Begin PBXResourcesBuildPhase section */
		68E6D8892B87F01700CAEC26 /* Resources */ = {
			isa = PBXResourcesBuildPhase;
			buildActionMask = 2147483647;
			files = (
				68E6D89B2B87F01A00CAEC26 /* LaunchScreen.storyboard in Resources */,
				68E6D8982B87F01A00CAEC26 /* Assets.xcassets in Resources */,
				68E6D8962B87F01700CAEC26 /* Main.storyboard in Resources */,
			);
			runOnlyForDeploymentPostprocessing = 0;
		};
		68E6D89F2B87F01A00CAEC26 /* Resources */ = {
			isa = PBXResourcesBuildPhase;
			buildActionMask = 2147483647;
			files = (
			);
			runOnlyForDeploymentPostprocessing = 0;
		};
		68E6D8A92B87F01A00CAEC26 /* Resources */ = {
			isa = PBXResourcesBuildPhase;
			buildActionMask = 2147483647;
			files = (
			);
			runOnlyForDeploymentPostprocessing = 0;
		};
/* End PBXResourcesBuildPhase section */

/* Begin PBXSourcesBuildPhase section */
		68E6D8872B87F01700CAEC26 /* Sources */ = {
			isa = PBXSourcesBuildPhase;
			buildActionMask = 2147483647;
			files = (
				68E6D8932B87F01700CAEC26 /* ViewController.swift in Sources */,
				68E6D88F2B87F01700CAEC26 /* AppDelegate.swift in Sources */,
				68E6D8912B87F01700CAEC26 /* SceneDelegate.swift in Sources */,
			);
			runOnlyForDeploymentPostprocessing = 0;
		};
		68E6D89D2B87F01A00CAEC26 /* Sources */ = {
			isa = PBXSourcesBuildPhase;
			buildActionMask = 2147483647;
			files = (
				68E6D8A62B87F01A00CAEC26 /* Code_ChallengeTests.swift in Sources */,
			);
			runOnlyForDeploymentPostprocessing = 0;
		};
		68E6D8A72B87F01A00CAEC26 /* Sources */ = {
			isa = PBXSourcesBuildPhase;
			buildActionMask = 2147483647;
			files = (
				68E6D8B02B87F01A00CAEC26 /* Code_ChallengeUITests.swift in Sources */,
				68E6D8B22B87F01A00CAEC26 /* Code_ChallengeUITestsLaunchTests.swift in Sources */,
			);
			runOnlyForDeploymentPostprocessing = 0;
		};
/* End PBXSourcesBuildPhase section */

/* Begin PBXTargetDependency section */
		68E6D8A32B87F01A00CAEC26 /* PBXTargetDependency */ = {
			isa = PBXTargetDependency;
			target = 68E6D88A2B87F01700CAEC26 /* Code Challenge */;
			targetProxy = 68E6D8A22B87F01A00CAEC26 /* PBXContainerItemProxy */;
		};
		68E6D8AD2B87F01A00CAEC26 /* PBXTargetDependency */ = {
			isa = PBXTargetDependency;
			target = 68E6D88A2B87F01700CAEC26 /* Code Challenge */;
			targetProxy = 68E6D8AC2B87F01A00CAEC26 /* PBXContainerItemProxy */;
		};
/* End PBXTargetDependency section */

/* Begin PBXVariantGroup section */
		68E6D8942B87F01700CAEC26 /* Main.storyboard */ = {
			isa = PBXVariantGroup;
			children = (
				68E6D8952B87F01700CAEC26 /* Base */,
			);
			name = Main.storyboard;
			sourceTree = "<group>";
		};
		68E6D8992B87F01A00CAEC26 /* LaunchScreen.storyboard */ = {
			isa = PBXVariantGroup;
			children = (
				68E6D89A2B87F01A00CAEC26 /* Base */,
			);
			name = LaunchScreen.storyboard;
			sourceTree = "<group>";
		};
/* End PBXVariantGroup section */

/* Begin XCBuildConfiguration section */
		68E6D8B32B87F01A00CAEC26 /* Debug */ = {
			isa = XCBuildConfiguration;
			buildSettings = {
				ALWAYS_SEARCH_USER_PATHS = NO;
				ASSETCATALOG_COMPILER_GENERATE_SWIFT_ASSET_SYMBOL_EXTENSIONS = YES;
				CLANG_ANALYZER_NONNULL = YES;
				CLANG_ANALYZER_NUMBER_OBJECT_CONVERSION = YES_AGGRESSIVE;
				CLANG_CXX_LANGUAGE_STANDARD = "gnu++20";
				CLANG_ENABLE_MODULES = YES;
				CLANG_ENABLE_OBJC_ARC = YES;
				CLANG_ENABLE_OBJC_WEAK = YES;
				CLANG_WARN_BLOCK_CAPTURE_AUTORELEASING = YES;
				CLANG_WARN_BOOL_CONVERSION = YES;
				CLANG_WARN_COMMA = YES;
				CLANG_WARN_CONSTANT_CONVERSION = YES;
				CLANG_WARN_DEPRECATED_OBJC_IMPLEMENTATIONS = YES;
				CLANG_WARN_DIRECT_OBJC_ISA_USAGE = YES_ERROR;
				CLANG_WARN_DOCUMENTATION_COMMENTS = YES;
				CLANG_WARN_EMPTY_BODY = YES;
				CLANG_WARN_ENUM_CONVERSION = YES;
				CLANG_WARN_INFINITE_RECURSION = YES;
				CLANG_WARN_INT_CONVERSION = YES;
				CLANG_WARN_NON_LITERAL_NULL_CONVERSION = YES;
				CLANG_WARN_OBJC_IMPLICIT_RETAIN_SELF = YES;
				CLANG_WARN_OBJC_LITERAL_CONVERSION = YES;
				CLANG_WARN_OBJC_ROOT_CLASS = YES_ERROR;
				CLANG_WARN_QUOTED_INCLUDE_IN_FRAMEWORK_HEADER = YES;
				CLANG_WARN_RANGE_LOOP_ANALYSIS = YES;
				CLANG_WARN_STRICT_PROTOTYPES = YES;
				CLANG_WARN_SUSPICIOUS_MOVE = YES;
				CLANG_WARN_UNGUARDED_AVAILABILITY = YES_AGGRESSIVE;
				CLANG_WARN_UNREACHABLE_CODE = YES;
				CLANG_WARN__DUPLICATE_METHOD_MATCH = YES;
				COPY_PHASE_STRIP = NO;
				DEBUG_INFORMATION_FORMAT = dwarf;
				ENABLE_STRICT_OBJC_MSGSEND = YES;
				ENABLE_TESTABILITY = YES;
				ENABLE_USER_SCRIPT_SANDBOXING = YES;
				GCC_C_LANGUAGE_STANDARD = gnu17;
				GCC_DYNAMIC_NO_PIC = NO;
				GCC_NO_COMMON_BLOCKS = YES;
				GCC_OPTIMIZATION_LEVEL = 0;
				GCC_PREPROCESSOR_DEFINITIONS = (
					"DEBUG=1",
					"$(inherited)",
				);
				GCC_WARN_64_TO_32_BIT_CONVERSION = YES;
				GCC_WARN_ABOUT_RETURN_TYPE = YES_ERROR;
				GCC_WARN_UNDECLARED_SELECTOR = YES;
				GCC_WARN_UNINITIALIZED_AUTOS = YES_AGGRESSIVE;
				GCC_WARN_UNUSED_FUNCTION = YES;
				GCC_WARN_UNUSED_VARIABLE = YES;
				IPHONEOS_DEPLOYMENT_TARGET = 17.2;
				LOCALIZATION_PREFERS_STRING_CATALOGS = YES;
				MTL_ENABLE_DEBUG_INFO = INCLUDE_SOURCE;
				MTL_FAST_MATH = YES;
				ONLY_ACTIVE_ARCH = YES;
				SDKROOT = iphoneos;
				SWIFT_ACTIVE_COMPILATION_CONDITIONS = "DEBUG $(inherited)";
				SWIFT_OPTIMIZATION_LEVEL = "-Onone";
			};
			name = Debug;
		};
		68E6D8B42B87F01A00CAEC26 /* Release */ = {
			isa = XCBuildConfiguration;
			buildSettings = {
				ALWAYS_SEARCH_USER_PATHS = NO;
				ASSETCATALOG_COMPILER_GENERATE_SWIFT_ASSET_SYMBOL_EXTENSIONS = YES;
				CLANG_ANALYZER_NONNULL = YES;
				CLANG_ANALYZER_NUMBER_OBJECT_CONVERSION = YES_AGGRESSIVE;
				CLANG_CXX_LANGUAGE_STANDARD = "gnu++20";
				CLANG_ENABLE_MODULES = YES;
				CLANG_ENABLE_OBJC_ARC = YES;
				CLANG_ENABLE_OBJC_WEAK = YES;
				CLANG_WARN_BLOCK_CAPTURE_AUTORELEASING = YES;
				CLANG_WARN_BOOL_CONVERSION = YES;
				CLANG_WARN_COMMA = YES;
				CLANG_WARN_CONSTANT_CONVERSION = YES;
				CLANG_WARN_DEPRECATED_OBJC_IMPLEMENTATIONS = YES;
				CLANG_WARN_DIRECT_OBJC_ISA_USAGE = YES_ERROR;
				CLANG_WARN_DOCUMENTATION_COMMENTS = YES;
				CLANG_WARN_EMPTY_BODY = YES;
				CLANG_WARN_ENUM_CONVERSION = YES;
				CLANG_WARN_INFINITE_RECURSION = YES;
				CLANG_WARN_INT_CONVERSION = YES;
				CLANG_WARN_NON_LITERAL_NULL_CONVERSION = YES;
				CLANG_WARN_OBJC_IMPLICIT_RETAIN_SELF = YES;
				CLANG_WARN_OBJC_LITERAL_CONVERSION = YES;
				CLANG_WARN_OBJC_ROOT_CLASS = YES_ERROR;
				CLANG_WARN_QUOTED_INCLUDE_IN_FRAMEWORK_HEADER = YES;
				CLANG_WARN_RANGE_LOOP_ANALYSIS = YES;
				CLANG_WARN_STRICT_PROTOTYPES = YES;
				CLANG_WARN_SUSPICIOUS_MOVE = YES;
				CLANG_WARN_UNGUARDED_AVAILABILITY = YES_AGGRESSIVE;
				CLANG_WARN_UNREACHABLE_CODE = YES;
				CLANG_WARN__DUPLICATE_METHOD_MATCH = YES;
				COPY_PHASE_STRIP = NO;
				DEBUG_INFORMATION_FORMAT = "dwarf-with-dsym";
				ENABLE_NS_ASSERTIONS = NO;
				ENABLE_STRICT_OBJC_MSGSEND = YES;
				ENABLE_USER_SCRIPT_SANDBOXING = YES;
				GCC_C_LANGUAGE_STANDARD = gnu17;
				GCC_NO_COMMON_BLOCKS = YES;
				GCC_WARN_64_TO_32_BIT_CONVERSION = YES;
				GCC_WARN_ABOUT_RETURN_TYPE = YES_ERROR;
				GCC_WARN_UNDECLARED_SELECTOR = YES;
				GCC_WARN_UNINITIALIZED_AUTOS = YES_AGGRESSIVE;
				GCC_WARN_UNUSED_FUNCTION = YES;
				GCC_WARN_UNUSED_VARIABLE = YES;
				IPHONEOS_DEPLOYMENT_TARGET = 17.2;
				LOCALIZATION_PREFERS_STRING_CATALOGS = YES;
				MTL_ENABLE_DEBUG_INFO = NO;
				MTL_FAST_MATH = YES;
				SDKROOT = iphoneos;
				SWIFT_COMPILATION_MODE = wholemodule;
				VALIDATE_PRODUCT = YES;
			};
			name = Release;
		};
		68E6D8B62B87F01A00CAEC26 /* Debug */ = {
			isa = XCBuildConfiguration;
			buildSettings = {
				ASSETCATALOG_COMPILER_APPICON_NAME = AppIcon;
				ASSETCATALOG_COMPILER_GLOBAL_ACCENT_COLOR_NAME = AccentColor;
				CODE_SIGN_STYLE = Automatic;
				CURRENT_PROJECT_VERSION = 1;
				GENERATE_INFOPLIST_FILE = YES;
				INFOPLIST_FILE = "Code Challenge/Info.plist";
				INFOPLIST_KEY_UIApplicationSupportsIndirectInputEvents = YES;
				INFOPLIST_KEY_UILaunchStoryboardName = LaunchScreen;
				INFOPLIST_KEY_UIMainStoryboardFile = Main;
				INFOPLIST_KEY_UISupportedInterfaceOrientations_iPad = "UIInterfaceOrientationPortrait UIInterfaceOrientationPortraitUpsideDown UIInterfaceOrientationLandscapeLeft UIInterfaceOrientationLandscapeRight";
				INFOPLIST_KEY_UISupportedInterfaceOrientations_iPhone = "UIInterfaceOrientationPortrait UIInterfaceOrientationLandscapeLeft UIInterfaceOrientationLandscapeRight";
				LD_RUNPATH_SEARCH_PATHS = (
					"$(inherited)",
					"@executable_path/Frameworks",
				);
				MARKETING_VERSION = 1.0;
				PRODUCT_BUNDLE_IDENTIFIER = "Luis.Code-Challenge";
				PRODUCT_NAME = "$(TARGET_NAME)";
				SWIFT_EMIT_LOC_STRINGS = YES;
				SWIFT_VERSION = 5.0;
				TARGETED_DEVICE_FAMILY = "1,2";
			};
			name = Debug;
		};
		68E6D8B72B87F01A00CAEC26 /* Release */ = {
			isa = XCBuildConfiguration;
			buildSettings = {
				ASSETCATALOG_COMPILER_APPICON_NAME = AppIcon;
				ASSETCATALOG_COMPILER_GLOBAL_ACCENT_COLOR_NAME = AccentColor;
				CODE_SIGN_STYLE = Automatic;
				CURRENT_PROJECT_VERSION = 1;
				GENERATE_INFOPLIST_FILE = YES;
				INFOPLIST_FILE = "Code Challenge/Info.plist";
				INFOPLIST_KEY_UIApplicationSupportsIndirectInputEvents = YES;
				INFOPLIST_KEY_UILaunchStoryboardName = LaunchScreen;
				INFOPLIST_KEY_UIMainStoryboardFile = Main;
				INFOPLIST_KEY_UISupportedInterfaceOrientations_iPad = "UIInterfaceOrientationPortrait UIInterfaceOrientationPortraitUpsideDown UIInterfaceOrientationLandscapeLeft UIInterfaceOrientationLandscapeRight";
				INFOPLIST_KEY_UISupportedInterfaceOrientations_iPhone = "UIInterfaceOrientationPortrait UIInterfaceOrientationLandscapeLeft UIInterfaceOrientationLandscapeRight";
				LD_RUNPATH_SEARCH_PATHS = (
					"$(inherited)",
					"@executable_path/Frameworks",
				);
				MARKETING_VERSION = 1.0;
				PRODUCT_BUNDLE_IDENTIFIER = "Luis.Code-Challenge";
				PRODUCT_NAME = "$(TARGET_NAME)";
				SWIFT_EMIT_LOC_STRINGS = YES;
				SWIFT_VERSION = 5.0;
				TARGETED_DEVICE_FAMILY = "1,2";
			};
			name = Release;
		};
		68E6D8B92B87F01A00CAEC26 /* Debug */ = {
			isa = XCBuildConfiguration;
			buildSettings = {
				ALWAYS_EMBED_SWIFT_STANDARD_LIBRARIES = YES;
				BUNDLE_LOADER = "$(TEST_HOST)";
				CODE_SIGN_STYLE = Automatic;
				CURRENT_PROJECT_VERSION = 1;
				GENERATE_INFOPLIST_FILE = YES;
				IPHONEOS_DEPLOYMENT_TARGET = 17.2;
				MARKETING_VERSION = 1.0;
				PRODUCT_BUNDLE_IDENTIFIER = "Luis.Code-ChallengeTests";
				PRODUCT_NAME = "$(TARGET_NAME)";
				SWIFT_EMIT_LOC_STRINGS = NO;
				SWIFT_VERSION = 5.0;
				TARGETED_DEVICE_FAMILY = "1,2";
				TEST_HOST = "$(BUILT_PRODUCTS_DIR)/Code Challenge.app/$(BUNDLE_EXECUTABLE_FOLDER_PATH)/Code Challenge";
			};
			name = Debug;
		};
		68E6D8BA2B87F01A00CAEC26 /* Release */ = {
			isa = XCBuildConfiguration;
			buildSettings = {
				ALWAYS_EMBED_SWIFT_STANDARD_LIBRARIES = YES;
				BUNDLE_LOADER = "$(TEST_HOST)";
				CODE_SIGN_STYLE = Automatic;
				CURRENT_PROJECT_VERSION = 1;
				GENERATE_INFOPLIST_FILE = YES;
				IPHONEOS_DEPLOYMENT_TARGET = 17.2;
				MARKETING_VERSION = 1.0;
				PRODUCT_BUNDLE_IDENTIFIER = "Luis.Code-ChallengeTests";
				PRODUCT_NAME = "$(TARGET_NAME)";
				SWIFT_EMIT_LOC_STRINGS = NO;
				SWIFT_VERSION = 5.0;
				TARGETED_DEVICE_FAMILY = "1,2";
				TEST_HOST = "$(BUILT_PRODUCTS_DIR)/Code Challenge.app/$(BUNDLE_EXECUTABLE_FOLDER_PATH)/Code Challenge";
			};
			name = Release;
		};
		68E6D8BC2B87F01A00CAEC26 /* Debug */ = {
			isa = XCBuildConfiguration;
			buildSettings = {
				ALWAYS_EMBED_SWIFT_STANDARD_LIBRARIES = YES;
				CODE_SIGN_STYLE = Automatic;
				CURRENT_PROJECT_VERSION = 1;
				GENERATE_INFOPLIST_FILE = YES;
				MARKETING_VERSION = 1.0;
				PRODUCT_BUNDLE_IDENTIFIER = "Luis.Code-ChallengeUITests";
				PRODUCT_NAME = "$(TARGET_NAME)";
				SWIFT_EMIT_LOC_STRINGS = NO;
				SWIFT_VERSION = 5.0;
				TARGETED_DEVICE_FAMILY = "1,2";
				TEST_TARGET_NAME = "Code Challenge";
			};
			name = Debug;
		};
		68E6D8BD2B87F01A00CAEC26 /* Release */ = {
			isa = XCBuildConfiguration;
			buildSettings = {
				ALWAYS_EMBED_SWIFT_STANDARD_LIBRARIES = YES;
				CODE_SIGN_STYLE = Automatic;
				CURRENT_PROJECT_VERSION = 1;
				GENERATE_INFOPLIST_FILE = YES;
				MARKETING_VERSION = 1.0;
				PRODUCT_BUNDLE_IDENTIFIER = "Luis.Code-ChallengeUITests";
				PRODUCT_NAME = "$(TARGET_NAME)";
				SWIFT_EMIT_LOC_STRINGS = NO;
				SWIFT_VERSION = 5.0;
				TARGETED_DEVICE_FAMILY = "1,2";
				TEST_TARGET_NAME = "Code Challenge";
			};
			name = Release;
		};
/* End XCBuildConfiguration section */

/* Begin XCConfigurationList section */
		68E6D8862B87F01700CAEC26 /* Build configuration list for PBXProject "Code Challenge" */ = {
			isa = XCConfigurationList;
			buildConfigurations = (
				68E6D8B32B87F01A00CAEC26 /* Debug */,
				68E6D8B42B87F01A00CAEC26 /* Release */,
			);
			defaultConfigurationIsVisible = 0;
			defaultConfigurationName = Release;
		};
		68E6D8B52B87F01A00CAEC26 /* Build configuration list for PBXNativeTarget "Code Challenge" */ = {
			isa = XCConfigurationList;
			buildConfigurations = (
				68E6D8B62B87F01A00CAEC26 /* Debug */,
				68E6D8B72B87F01A00CAEC26 /* Release */,
			);
			defaultConfigurationIsVisible = 0;
			defaultConfigurationName = Release;
		};
		68E6D8B82B87F01A00CAEC26 /* Build configuration list for PBXNativeTarget "Code ChallengeTests" */ = {
			isa = XCConfigurationList;
			buildConfigurations = (
				68E6D8B92B87F01A00CAEC26 /* Debug */,
				68E6D8BA2B87F01A00CAEC26 /* Release */,
			);
			defaultConfigurationIsVisible = 0;
			defaultConfigurationName = Release;
		};
		68E6D8BB2B87F01A00CAEC26 /* Build configuration list for PBXNativeTarget "Code ChallengeUITests" */ = {
			isa = XCConfigurationList;
			buildConfigurations = (
				68E6D8BC2B87F01A00CAEC26 /* Debug */,
				68E6D8BD2B87F01A00CAEC26 /* Release */,
			);
			defaultConfigurationIsVisible = 0;
			defaultConfigurationName = Release;
		};
/* End XCConfigurationList section */
	};
	rootObject = 68E6D8832B87F01700CAEC26 /* Project object */;
}
